
Microsoft Visual Studio Solution File, Format Version 12.00
# Visual Studio 15
VisualStudioVersion = 15.0.27004.2008
MinimumVisualStudioVersion = 10.0.40219.1
Project("{FAE04EC0-301F-11D3-BF4B-00C04F79EFBC}") = "ConsAppRScriptTest", "ConsAppRScriptTest\ConsAppRScriptTest.csproj", "{7C1EBA25-F375-404A-8D57-3C30C2E9D3C7}"
EndProject
Global
	GlobalSection(SolutionConfigurationPlatforms) = preSolution
		Debug|Any CPU = Debug|Any CPU
		Release|Any CPU = Release|Any CPU
	EndGlobalSection
	GlobalSection(ProjectConfigurationPlatforms) = postSolution
		{7C1EBA25-F375-404A-8D57-3C30C2E9D3C7}.Debug|Any CPU.ActiveCfg = Debug|Any CPU
		{7C1EBA25-F375-404A-8D57-3C30C2E9D3C7}.Debug|Any CPU.Build.0 = Debug|Any CPU
		{7C1EBA25-F375-404A-8D57-3C30C2E9D3C7}.Release|Any CPU.ActiveCfg = Release|Any CPU
		{7C1EBA25-F375-404A-8D57-3C30C2E9D3C7}.Release|Any CPU.Build.0 = Release|Any CPU
	EndGlobalSection
	GlobalSection(SolutionProperties) = preSolution
		HideSolutionNode = FALSE
	EndGlobalSection
	GlobalSection(ExtensibilityGlobals) = postSolution
		SolutionGuid = {A5DA67E9-2C62-49C8-B85E-BCD1862F6EF2}
	EndGlobalSection
EndGlobal
